
Microsoft Visual Studio Solution File, Format Version 12.00
# Visual Studio Version 17
VisualStudioVersion = 17.6.33829.357
MinimumVisualStudioVersion = 10.0.40219.1
Project("{9A19103F-16F7-4668-BE54-9A1E7A4F7556}") = "MassTransitPoc", "MassTransitPoc\MassTransitPoc.csproj", "{6CCE2435-CEC2-40B5-9630-101F8421847A}"
EndProject
Global
	GlobalSection(SolutionConfigurationPlatforms) = preSolution
		Debug|Any CPU = Debug|Any CPU
		Release|Any CPU = Release|Any CPU
	EndGlobalSection
	GlobalSection(ProjectConfigurationPlatforms) = postSolution
		{6CCE2435-CEC2-40B5-9630-101F8421847A}.Debug|Any CPU.ActiveCfg = Debug|Any CPU
		{6CCE2435-CEC2-40B5-9630-101F8421847A}.Debug|Any CPU.Build.0 = Debug|Any CPU
		{6CCE2435-CEC2-40B5-9630-101F8421847A}.Release|Any CPU.ActiveCfg = Release|Any CPU
		{6CCE2435-CEC2-40B5-9630-101F8421847A}.Release|Any CPU.Build.0 = Release|Any CPU
	EndGlobalSection
	GlobalSection(SolutionProperties) = preSolution
		HideSolutionNode = FALSE
	EndGlobalSection
	GlobalSection(ExtensibilityGlobals) = postSolution
		SolutionGuid = {A727CD93-245C-46E9-9C03-D3467BF6CA2A}
	EndGlobalSection
EndGlobal
